// !$*UTF8*$!
{
	archiveVersion = 1;
	classes = {
	};
	objectVersion = 50;
	objects = {

/* Begin PBXBuildFile section */
		AA54D04823BA42EA00775CFC /* AppDelegate.swift in Sources */ = {isa = PBXBuildFile; fileRef = AA54D04723BA42EA00775CFC /* AppDelegate.swift */; };
		AA54D04A23BA42EA00775CFC /* SceneDelegate.swift in Sources */ = {isa = PBXBuildFile; fileRef = AA54D04923BA42EA00775CFC /* SceneDelegate.swift */; };
		AA54D04C23BA42EA00775CFC /* ContentView.swift in Sources */ = {isa = PBXBuildFile; fileRef = AA54D04B23BA42EA00775CFC /* ContentView.swift */; };
		AA54D04E23BA42EA00775CFC /* Assets.xcassets in Resources */ = {isa = PBXBuildFile; fileRef = AA54D04D23BA42EA00775CFC /* Assets.xcassets */; };
		AA54D05123BA42EA00775CFC /* Preview Assets.xcassets in Resources */ = {isa = PBXBuildFile; fileRef = AA54D05023BA42EA00775CFC /* Preview Assets.xcassets */; };
		AA54D05423BA42EA00775CFC /* LaunchScreen.storyboard in Resources */ = {isa = PBXBuildFile; fileRef = AA54D05223BA42EA00775CFC /* LaunchScreen.storyboard */; };
		AA54D05F23BA42EB00775CFC /* RecipesTests.swift in Sources */ = {isa = PBXBuildFile; fileRef = AA54D05E23BA42EB00775CFC /* RecipesTests.swift */; };
		AA54D06A23BA42EB00775CFC /* RecipesUITests.swift in Sources */ = {isa = PBXBuildFile; fileRef = AA54D06923BA42EB00775CFC /* RecipesUITests.swift */; };
/* End PBXBuildFile section */

/* Begin PBXContainerItemProxy section */
		AA54D05B23BA42EB00775CFC /* PBXContainerItemProxy */ = {
			isa = PBXContainerItemProxy;
			containerPortal = AA54D03C23BA42EA00775CFC /* Project object */;
			proxyType = 1;
			remoteGlobalIDString = AA54D04323BA42EA00775CFC;
			remoteInfo = Recipes;
		};
		AA54D06623BA42EB00775CFC /* PBXContainerItemProxy */ = {
			isa = PBXContainerItemProxy;
			containerPortal = AA54D03C23BA42EA00775CFC /* Project object */;
			proxyType = 1;
			remoteGlobalIDString = AA54D04323BA42EA00775CFC;
			remoteInfo = Recipes;
		};
/* End PBXContainerItemProxy section */

/* Begin PBXFileReference section */
		AA54D04423BA42EA00775CFC /* Recipes.app */ = {isa = PBXFileReference; explicitFileType = wrapper.application; includeInIndex = 0; path = Recipes.app; sourceTree = BUILT_PRODUCTS_DIR; };
		AA54D04723BA42EA00775CFC /* AppDelegate.swift */ = {isa = PBXFileReference; lastKnownFileType = sourcecode.swift; path = AppDelegate.swift; sourceTree = "<group>"; };
		AA54D04923BA42EA00775CFC /* SceneDelegate.swift */ = {isa = PBXFileReference; lastKnownFileType = sourcecode.swift; path = SceneDelegate.swift; sourceTree = "<group>"; };
		AA54D04B23BA42EA00775CFC /* ContentView.swift */ = {isa = PBXFileReference; lastKnownFileType = sourcecode.swift; path = ContentView.swift; sourceTree = "<group>"; };
		AA54D04D23BA42EA00775CFC /* Assets.xcassets */ = {isa = PBXFileReference; lastKnownFileType = folder.assetcatalog; path = Assets.xcassets; sourceTree = "<group>"; };
		AA54D05023BA42EA00775CFC /* Preview Assets.xcassets */ = {isa = PBXFileReference; lastKnownFileType = folder.assetcatalog; path = "Preview Assets.xcassets"; sourceTree = "<group>"; };
		AA54D05323BA42EA00775CFC /* Base */ = {isa = PBXFileReference; lastKnownFileType = file.storyboard; name = Base; path = Base.lproj/LaunchScreen.storyboard; sourceTree = "<group>"; };
		AA54D05523BA42EA00775CFC /* Info.plist */ = {isa = PBXFileReference; lastKnownFileType = text.plist.xml; path = Info.plist; sourceTree = "<group>"; };
		AA54D05A23BA42EB00775CFC /* RecipesTests.xctest */ = {isa = PBXFileReference; explicitFileType = wrapper.cfbundle; includeInIndex = 0; path = RecipesTests.xctest; sourceTree = BUILT_PRODUCTS_DIR; };
		AA54D05E23BA42EB00775CFC /* RecipesTests.swift */ = {isa = PBXFileReference; lastKnownFileType = sourcecode.swift; path = RecipesTests.swift; sourceTree = "<group>"; };
		AA54D06023BA42EB00775CFC /* Info.plist */ = {isa = PBXFileReference; lastKnownFileType = text.plist.xml; path = Info.plist; sourceTree = "<group>"; };
		AA54D06523BA42EB00775CFC /* RecipesUITests.xctest */ = {isa = PBXFileReference; explicitFileType = wrapper.cfbundle; includeInIndex = 0; path = RecipesUITests.xctest; sourceTree = BUILT_PRODUCTS_DIR; };
		AA54D06923BA42EB00775CFC /* RecipesUITests.swift */ = {isa = PBXFileReference; lastKnownFileType = sourcecode.swift; path = RecipesUITests.swift; sourceTree = "<group>"; };
		AA54D06B23BA42EB00775CFC /* Info.plist */ = {isa = PBXFileReference; lastKnownFileType = text.plist.xml; path = Info.plist; sourceTree = "<group>"; };
/* End PBXFileReference section */

/* Begin PBXFrameworksBuildPhase section */
		AA54D04123BA42EA00775CFC /* Frameworks */ = {
			isa = PBXFrameworksBuildPhase;
			buildActionMask = 2147483647;
			files = (
			);
			runOnlyForDeploymentPostprocessing = 0;
		};
		AA54D05723BA42EB00775CFC /* Frameworks */ = {
			isa = PBXFrameworksBuildPhase;
			buildActionMask = 2147483647;
			files = (
			);
			runOnlyForDeploymentPostprocessing = 0;
		};
		AA54D06223BA42EB00775CFC /* Frameworks */ = {
			isa = PBXFrameworksBuildPhase;
			buildActionMask = 2147483647;
			files = (
			);
			runOnlyForDeploymentPostprocessing = 0;
		};
/* End PBXFrameworksBuildPhase section */

/* Begin PBXGroup section */
		AA54D03B23BA42EA00775CFC = {
			isa = PBXGroup;
			children = (
				AA54D04623BA42EA00775CFC /* Recipes */,
				AA54D05D23BA42EB00775CFC /* RecipesTests */,
				AA54D06823BA42EB00775CFC /* RecipesUITests */,
				AA54D04523BA42EA00775CFC /* Products */,
			);
			sourceTree = "<group>";
		};
		AA54D04523BA42EA00775CFC /* Products */ = {
			isa = PBXGroup;
			children = (
				AA54D04423BA42EA00775CFC /* Recipes.app */,
				AA54D05A23BA42EB00775CFC /* RecipesTests.xctest */,
				AA54D06523BA42EB00775CFC /* RecipesUITests.xctest */,
			);
			name = Products;
			sourceTree = "<group>";
		};
		AA54D04623BA42EA00775CFC /* Recipes */ = {
			isa = PBXGroup;
			children = (
				AA54D04723BA42EA00775CFC /* AppDelegate.swift */,
				AA54D04923BA42EA00775CFC /* SceneDelegate.swift */,
				AA54D04B23BA42EA00775CFC /* ContentView.swift */,
				AA54D04D23BA42EA00775CFC /* Assets.xcassets */,
				AA54D05223BA42EA00775CFC /* LaunchScreen.storyboard */,
				AA54D05523BA42EA00775CFC /* Info.plist */,
				AA54D04F23BA42EA00775CFC /* Preview Content */,
			);
			path = Recipes;
			sourceTree = "<group>";
		};
		AA54D04F23BA42EA00775CFC /* Preview Content */ = {
			isa = PBXGroup;
			children = (
				AA54D05023BA42EA00775CFC /* Preview Assets.xcassets */,
			);
			path = "Preview Content";
			sourceTree = "<group>";
		};
		AA54D05D23BA42EB00775CFC /* RecipesTests */ = {
			isa = PBXGroup;
			children = (
				AA54D05E23BA42EB00775CFC /* RecipesTests.swift */,
				AA54D06023BA42EB00775CFC /* Info.plist */,
			);
			path = RecipesTests;
			sourceTree = "<group>";
		};
		AA54D06823BA42EB00775CFC /* RecipesUITests */ = {
			isa = PBXGroup;
			children = (
				AA54D06923BA42EB00775CFC /* RecipesUITests.swift */,
				AA54D06B23BA42EB00775CFC /* Info.plist */,
			);
			path = RecipesUITests;
			sourceTree = "<group>";
		};
/* End PBXGroup section */

/* Begin PBXNativeTarget section */
		AA54D04323BA42EA00775CFC /* Recipes */ = {
			isa = PBXNativeTarget;
			buildConfigurationList = AA54D06E23BA42EB00775CFC /* Build configuration list for PBXNativeTarget "Recipes" */;
			buildPhases = (
				AA54D04023BA42EA00775CFC /* Sources */,
				AA54D04123BA42EA00775CFC /* Frameworks */,
				AA54D04223BA42EA00775CFC /* Resources */,
			);
			buildRules = (
			);
			dependencies = (
			);
			name = Recipes;
			productName = Recipes;
			productReference = AA54D04423BA42EA00775CFC /* Recipes.app */;
			productType = "com.apple.product-type.application";
		};
		AA54D05923BA42EB00775CFC /* RecipesTests */ = {
			isa = PBXNativeTarget;
			buildConfigurationList = AA54D07123BA42EB00775CFC /* Build configuration list for PBXNativeTarget "RecipesTests" */;
			buildPhases = (
				AA54D05623BA42EB00775CFC /* Sources */,
				AA54D05723BA42EB00775CFC /* Frameworks */,
				AA54D05823BA42EB00775CFC /* Resources */,
			);
			buildRules = (
			);
			dependencies = (
				AA54D05C23BA42EB00775CFC /* PBXTargetDependency */,
			);
			name = RecipesTests;
			productName = RecipesTests;
			productReference = AA54D05A23BA42EB00775CFC /* RecipesTests.xctest */;
			productType = "com.apple.product-type.bundle.unit-test";
		};
		AA54D06423BA42EB00775CFC /* RecipesUITests */ = {
			isa = PBXNativeTarget;
			buildConfigurationList = AA54D07423BA42EB00775CFC /* Build configuration list for PBXNativeTarget "RecipesUITests" */;
			buildPhases = (
				AA54D06123BA42EB00775CFC /* Sources */,
				AA54D06223BA42EB00775CFC /* Frameworks */,
				AA54D06323BA42EB00775CFC /* Resources */,
			);
			buildRules = (
			);
			dependencies = (
				AA54D06723BA42EB00775CFC /* PBXTargetDependency */,
			);
			name = RecipesUITests;
			productName = RecipesUITests;
			productReference = AA54D06523BA42EB00775CFC /* RecipesUITests.xctest */;
			productType = "com.apple.product-type.bundle.ui-testing";
		};
/* End PBXNativeTarget section */

/* Begin PBXProject section */
		AA54D03C23BA42EA00775CFC /* Project object */ = {
			isa = PBXProject;
			attributes = {
				LastSwiftUpdateCheck = 1130;
				LastUpgradeCheck = 1130;
				ORGANIZATIONNAME = "David Singleton";
				TargetAttributes = {
					AA54D04323BA42EA00775CFC = {
						CreatedOnToolsVersion = 11.3;
					};
					AA54D05923BA42EB00775CFC = {
						CreatedOnToolsVersion = 11.3;
						TestTargetID = AA54D04323BA42EA00775CFC;
					};
					AA54D06423BA42EB00775CFC = {
						CreatedOnToolsVersion = 11.3;
						TestTargetID = AA54D04323BA42EA00775CFC;
					};
				};
			};
			buildConfigurationList = AA54D03F23BA42EA00775CFC /* Build configuration list for PBXProject "Recipes" */;
			compatibilityVersion = "Xcode 9.3";
			developmentRegion = en;
			hasScannedForEncodings = 0;
			knownRegions = (
				en,
				Base,
			);
			mainGroup = AA54D03B23BA42EA00775CFC;
			productRefGroup = AA54D04523BA42EA00775CFC /* Products */;
			projectDirPath = "";
			projectRoot = "";
			targets = (
				AA54D04323BA42EA00775CFC /* Recipes */,
				AA54D05923BA42EB00775CFC /* RecipesTests */,
				AA54D06423BA42EB00775CFC /* RecipesUITests */,
			);
		};
/* End PBXProject section */

/* Begin PBXResourcesBuildPhase section */
		AA54D04223BA42EA00775CFC /* Resources */ = {
			isa = PBXResourcesBuildPhase;
			buildActionMask = 2147483647;
			files = (
				AA54D05423BA42EA00775CFC /* LaunchScreen.storyboard in Resources */,
				AA54D05123BA42EA00775CFC /* Preview Assets.xcassets in Resources */,
				AA54D04E23BA42EA00775CFC /* Assets.xcassets in Resources */,
			);
			runOnlyForDeploymentPostprocessing = 0;
		};
		AA54D05823BA42EB00775CFC /* Resources */ = {
			isa = PBXResourcesBuildPhase;
			buildActionMask = 2147483647;
			files = (
			);
			runOnlyForDeploymentPostprocessing = 0;
		};
		AA54D06323BA42EB00775CFC /* Resources */ = {
			isa = PBXResourcesBuildPhase;
			buildActionMask = 2147483647;
			files = (
			);
			runOnlyForDeploymentPostprocessing = 0;
		};
/* End PBXResourcesBuildPhase section */

/* Begin PBXSourcesBuildPhase section */
		AA54D04023BA42EA00775CFC /* Sources */ = {
			isa = PBXSourcesBuildPhase;
			buildActionMask = 2147483647;
			files = (
				AA54D04823BA42EA00775CFC /* AppDelegate.swift in Sources */,
				AA54D04A23BA42EA00775CFC /* SceneDelegate.swift in Sources */,
				AA54D04C23BA42EA00775CFC /* ContentView.swift in Sources */,
			);
			runOnlyForDeploymentPostprocessing = 0;
		};
		AA54D05623BA42EB00775CFC /* Sources */ = {
			isa = PBXSourcesBuildPhase;
			buildActionMask = 2147483647;
			files = (
				AA54D05F23BA42EB00775CFC /* RecipesTests.swift in Sources */,
			);
			runOnlyForDeploymentPostprocessing = 0;
		};
		AA54D06123BA42EB00775CFC /* Sources */ = {
			isa = PBXSourcesBuildPhase;
			buildActionMask = 2147483647;
			files = (
				AA54D06A23BA42EB00775CFC /* RecipesUITests.swift in Sources */,
			);
			runOnlyForDeploymentPostprocessing = 0;
		};
/* End PBXSourcesBuildPhase section */

/* Begin PBXTargetDependency section */
		AA54D05C23BA42EB00775CFC /* PBXTargetDependency */ = {
			isa = PBXTargetDependency;
			target = AA54D04323BA42EA00775CFC /* Recipes */;
			targetProxy = AA54D05B23BA42EB00775CFC /* PBXContainerItemProxy */;
		};
		AA54D06723BA42EB00775CFC /* PBXTargetDependency */ = {
			isa = PBXTargetDependency;
			target = AA54D04323BA42EA00775CFC /* Recipes */;
			targetProxy = AA54D06623BA42EB00775CFC /* PBXContainerItemProxy */;
		};
/* End PBXTargetDependency section */

/* Begin PBXVariantGroup section */
		AA54D05223BA42EA00775CFC /* LaunchScreen.storyboard */ = {
			isa = PBXVariantGroup;
			children = (
				AA54D05323BA42EA00775CFC /* Base */,
			);
			name = LaunchScreen.storyboard;
			sourceTree = "<group>";
		};
/* End PBXVariantGroup section */

/* Begin XCBuildConfiguration section */
		AA54D06C23BA42EB00775CFC /* Debug */ = {
			isa = XCBuildConfiguration;
			buildSettings = {
				ALWAYS_SEARCH_USER_PATHS = NO;
				CLANG_ANALYZER_NONNULL = YES;
				CLANG_ANALYZER_NUMBER_OBJECT_CONVERSION = YES_AGGRESSIVE;
				CLANG_CXX_LANGUAGE_STANDARD = "gnu++14";
				CLANG_CXX_LIBRARY = "libc++";
				CLANG_ENABLE_MODULES = YES;
				CLANG_ENABLE_OBJC_ARC = YES;
				CLANG_ENABLE_OBJC_WEAK = YES;
				CLANG_WARN_BLOCK_CAPTURE_AUTORELEASING = YES;
				CLANG_WARN_BOOL_CONVERSION = YES;
				CLANG_WARN_COMMA = YES;
				CLANG_WARN_CONSTANT_CONVERSION = YES;
				CLANG_WARN_DEPRECATED_OBJC_IMPLEMENTATIONS = YES;
				CLANG_WARN_DIRECT_OBJC_ISA_USAGE = YES_ERROR;
				CLANG_WARN_DOCUMENTATION_COMMENTS = YES;
				CLANG_WARN_EMPTY_BODY = YES;
				CLANG_WARN_ENUM_CONVERSION = YES;
				CLANG_WARN_INFINITE_RECURSION = YES;
				CLANG_WARN_INT_CONVERSION = YES;
				CLANG_WARN_NON_LITERAL_NULL_CONVERSION = YES;
				CLANG_WARN_OBJC_IMPLICIT_RETAIN_SELF = YES;
				CLANG_WARN_OBJC_LITERAL_CONVERSION = YES;
				CLANG_WARN_OBJC_ROOT_CLASS = YES_ERROR;
				CLANG_WARN_RANGE_LOOP_ANALYSIS = YES;
				CLANG_WARN_STRICT_PROTOTYPES = YES;
				CLANG_WARN_SUSPICIOUS_MOVE = YES;
				CLANG_WARN_UNGUARDED_AVAILABILITY = YES_AGGRESSIVE;
				CLANG_WARN_UNREACHABLE_CODE = YES;
				CLANG_WARN__DUPLICATE_METHOD_MATCH = YES;
				COPY_PHASE_STRIP = NO;
				DEBUG_INFORMATION_FORMAT = dwarf;
				ENABLE_STRICT_OBJC_MSGSEND = YES;
				ENABLE_TESTABILITY = YES;
				GCC_C_LANGUAGE_STANDARD = gnu11;
				GCC_DYNAMIC_NO_PIC = NO;
				GCC_NO_COMMON_BLOCKS = YES;
				GCC_OPTIMIZATION_LEVEL = 0;
				GCC_PREPROCESSOR_DEFINITIONS = (
					"DEBUG=1",
					"$(inherited)",
				);
				GCC_WARN_64_TO_32_BIT_CONVERSION = YES;
				GCC_WARN_ABOUT_RETURN_TYPE = YES_ERROR;
				GCC_WARN_UNDECLARED_SELECTOR = YES;
				GCC_WARN_UNINITIALIZED_AUTOS = YES_AGGRESSIVE;
				GCC_WARN_UNUSED_FUNCTION = YES;
				GCC_WARN_UNUSED_VARIABLE = YES;
				IPHONEOS_DEPLOYMENT_TARGET = 13.2;
				MTL_ENABLE_DEBUG_INFO = INCLUDE_SOURCE;
				MTL_FAST_MATH = YES;
				ONLY_ACTIVE_ARCH = YES;
				SDKROOT = iphoneos;
				SWIFT_ACTIVE_COMPILATION_CONDITIONS = DEBUG;
				SWIFT_OPTIMIZATION_LEVEL = "-Onone";
			};
			name = Debug;
		};
		AA54D06D23BA42EB00775CFC /* Release */ = {
			isa = XCBuildConfiguration;
			buildSettings = {
				ALWAYS_SEARCH_USER_PATHS = NO;
				CLANG_ANALYZER_NONNULL = YES;
				CLANG_ANALYZER_NUMBER_OBJECT_CONVERSION = YES_AGGRESSIVE;
				CLANG_CXX_LANGUAGE_STANDARD = "gnu++14";
				CLANG_CXX_LIBRARY = "libc++";
				CLANG_ENABLE_MODULES = YES;
				CLANG_ENABLE_OBJC_ARC = YES;
				CLANG_ENABLE_OBJC_WEAK = YES;
				CLANG_WARN_BLOCK_CAPTURE_AUTORELEASING = YES;
				CLANG_WARN_BOOL_CONVERSION = YES;
				CLANG_WARN_COMMA = YES;
				CLANG_WARN_CONSTANT_CONVERSION = YES;
				CLANG_WARN_DEPRECATED_OBJC_IMPLEMENTATIONS = YES;
				CLANG_WARN_DIRECT_OBJC_ISA_USAGE = YES_ERROR;
				CLANG_WARN_DOCUMENTATION_COMMENTS = YES;
				CLANG_WARN_EMPTY_BODY = YES;
				CLANG_WARN_ENUM_CONVERSION = YES;
				CLANG_WARN_INFINITE_RECURSION = YES;
				CLANG_WARN_INT_CONVERSION = YES;
				CLANG_WARN_NON_LITERAL_NULL_CONVERSION = YES;
				CLANG_WARN_OBJC_IMPLICIT_RETAIN_SELF = YES;
				CLANG_WARN_OBJC_LITERAL_CONVERSION = YES;
				CLANG_WARN_OBJC_ROOT_CLASS = YES_ERROR;
				CLANG_WARN_RANGE_LOOP_ANALYSIS = YES;
				CLANG_WARN_STRICT_PROTOTYPES = YES;
				CLANG_WARN_SUSPICIOUS_MOVE = YES;
				CLANG_WARN_UNGUARDED_AVAILABILITY = YES_AGGRESSIVE;
				CLANG_WARN_UNREACHABLE_CODE = YES;
				CLANG_WARN__DUPLICATE_METHOD_MATCH = YES;
				COPY_PHASE_STRIP = NO;
				DEBUG_INFORMATION_FORMAT = "dwarf-with-dsym";
				ENABLE_NS_ASSERTIONS = NO;
				ENABLE_STRICT_OBJC_MSGSEND = YES;
				GCC_C_LANGUAGE_STANDARD = gnu11;
				GCC_NO_COMMON_BLOCKS = YES;
				GCC_WARN_64_TO_32_BIT_CONVERSION = YES;
				GCC_WARN_ABOUT_RETURN_TYPE = YES_ERROR;
				GCC_WARN_UNDECLARED_SELECTOR = YES;
				GCC_WARN_UNINITIALIZED_AUTOS = YES_AGGRESSIVE;
				GCC_WARN_UNUSED_FUNCTION = YES;
				GCC_WARN_UNUSED_VARIABLE = YES;
				IPHONEOS_DEPLOYMENT_TARGET = 13.2;
				MTL_ENABLE_DEBUG_INFO = NO;
				MTL_FAST_MATH = YES;
				SDKROOT = iphoneos;
				SWIFT_COMPILATION_MODE = wholemodule;
				SWIFT_OPTIMIZATION_LEVEL = "-O";
				VALIDATE_PRODUCT = YES;
			};
			name = Release;
		};
		AA54D06F23BA42EB00775CFC /* Debug */ = {
			isa = XCBuildConfiguration;
			buildSettings = {
				ASSETCATALOG_COMPILER_APPICON_NAME = AppIcon;
				CODE_SIGN_STYLE = Automatic;
				DEVELOPMENT_ASSET_PATHS = "\"Recipes/Preview Content\"";
				ENABLE_PREVIEWS = YES;
				INFOPLIST_FILE = Recipes/Info.plist;
				LD_RUNPATH_SEARCH_PATHS = (
					"$(inherited)",
					"@executable_path/Frameworks",
				);
				PRODUCT_BUNDLE_IDENTIFIER = io.singleton.Recipes;
				PRODUCT_NAME = "$(TARGET_NAME)";
				SWIFT_VERSION = 5.0;
				TARGETED_DEVICE_FAMILY = "1,2";
			};
			name = Debug;
		};
		AA54D07023BA42EB00775CFC /* Release */ = {
			isa = XCBuildConfiguration;
			buildSettings = {
				ASSETCATALOG_COMPILER_APPICON_NAME = AppIcon;
				CODE_SIGN_STYLE = Automatic;
				DEVELOPMENT_ASSET_PATHS = "\"Recipes/Preview Content\"";
				ENABLE_PREVIEWS = YES;
				INFOPLIST_FILE = Recipes/Info.plist;
				LD_RUNPATH_SEARCH_PATHS = (
					"$(inherited)",
					"@executable_path/Frameworks",
				);
				PRODUCT_BUNDLE_IDENTIFIER = io.singleton.Recipes;
				PRODUCT_NAME = "$(TARGET_NAME)";
				SWIFT_VERSION = 5.0;
				TARGETED_DEVICE_FAMILY = "1,2";
			};
			name = Release;
		};
		AA54D07223BA42EB00775CFC /* Debug */ = {
			isa = XCBuildConfiguration;
			buildSettings = {
				ALWAYS_EMBED_SWIFT_STANDARD_LIBRARIES = YES;
				BUNDLE_LOADER = "$(TEST_HOST)";
				CODE_SIGN_STYLE = Automatic;
				INFOPLIST_FILE = RecipesTests/Info.plist;
				IPHONEOS_DEPLOYMENT_TARGET = 13.2;
				LD_RUNPATH_SEARCH_PATHS = (
					"$(inherited)",
					"@executable_path/Frameworks",
					"@loader_path/Frameworks",
				);
				PRODUCT_BUNDLE_IDENTIFIER = io.singleton.RecipesTests;
				PRODUCT_NAME = "$(TARGET_NAME)";
				SWIFT_VERSION = 5.0;
				TARGETED_DEVICE_FAMILY = "1,2";
				TEST_HOST = "$(BUILT_PRODUCTS_DIR)/Recipes.app/Recipes";
			};
			name = Debug;
		};
		AA54D07323BA42EB00775CFC /* Release */ = {
			isa = XCBuildConfiguration;
			buildSettings = {
				ALWAYS_EMBED_SWIFT_STANDARD_LIBRARIES = YES;
				BUNDLE_LOADER = "$(TEST_HOST)";
				CODE_SIGN_STYLE = Automatic;
				INFOPLIST_FILE = RecipesTests/Info.plist;
				IPHONEOS_DEPLOYMENT_TARGET = 13.2;
				LD_RUNPATH_SEARCH_PATHS = (
					"$(inherited)",
					"@executable_path/Frameworks",
					"@loader_path/Frameworks",
				);
				PRODUCT_BUNDLE_IDENTIFIER = io.singleton.RecipesTests;
				PRODUCT_NAME = "$(TARGET_NAME)";
				SWIFT_VERSION = 5.0;
				TARGETED_DEVICE_FAMILY = "1,2";
				TEST_HOST = "$(BUILT_PRODUCTS_DIR)/Recipes.app/Recipes";
			};
			name = Release;
		};
		AA54D07523BA42EB00775CFC /* Debug */ = {
			isa = XCBuildConfiguration;
			buildSettings = {
				ALWAYS_EMBED_SWIFT_STANDARD_LIBRARIES = YES;
				CODE_SIGN_STYLE = Automatic;
				INFOPLIST_FILE = RecipesUITests/Info.plist;
				LD_RUNPATH_SEARCH_PATHS = (
					"$(inherited)",
					"@executable_path/Frameworks",
					"@loader_path/Frameworks",
				);
				PRODUCT_BUNDLE_IDENTIFIER = io.singleton.RecipesUITests;
				PRODUCT_NAME = "$(TARGET_NAME)";
				SWIFT_VERSION = 5.0;
				TARGETED_DEVICE_FAMILY = "1,2";
				TEST_TARGET_NAME = Recipes;
			};
			name = Debug;
		};
		AA54D07623BA42EB00775CFC /* Release */ = {
			isa = XCBuildConfiguration;
			buildSettings = {
				ALWAYS_EMBED_SWIFT_STANDARD_LIBRARIES = YES;
				CODE_SIGN_STYLE = Automatic;
				INFOPLIST_FILE = RecipesUITests/Info.plist;
				LD_RUNPATH_SEARCH_PATHS = (
					"$(inherited)",
					"@executable_path/Frameworks",
					"@loader_path/Frameworks",
				);
				PRODUCT_BUNDLE_IDENTIFIER = io.singleton.RecipesUITests;
				PRODUCT_NAME = "$(TARGET_NAME)";
				SWIFT_VERSION = 5.0;
				TARGETED_DEVICE_FAMILY = "1,2";
				TEST_TARGET_NAME = Recipes;
			};
			name = Release;
		};
/* End XCBuildConfiguration section */

/* Begin XCConfigurationList section */
		AA54D03F23BA42EA00775CFC /* Build configuration list for PBXProject "Recipes" */ = {
			isa = XCConfigurationList;
			buildConfigurations = (
				AA54D06C23BA42EB00775CFC /* Debug */,
				AA54D06D23BA42EB00775CFC /* Release */,
			);
			defaultConfigurationIsVisible = 0;
			defaultConfigurationName = Release;
		};
		AA54D06E23BA42EB00775CFC /* Build configuration list for PBXNativeTarget "Recipes" */ = {
			isa = XCConfigurationList;
			buildConfigurations = (
				AA54D06F23BA42EB00775CFC /* Debug */,
				AA54D07023BA42EB00775CFC /* Release */,
			);
			defaultConfigurationIsVisible = 0;
			defaultConfigurationName = Release;
		};
		AA54D07123BA42EB00775CFC /* Build configuration list for PBXNativeTarget "RecipesTests" */ = {
			isa = XCConfigurationList;
			buildConfigurations = (
				AA54D07223BA42EB00775CFC /* Debug */,
				AA54D07323BA42EB00775CFC /* Release */,
			);
			defaultConfigurationIsVisible = 0;
			defaultConfigurationName = Release;
		};
		AA54D07423BA42EB00775CFC /* Build configuration list for PBXNativeTarget "RecipesUITests" */ = {
			isa = XCConfigurationList;
			buildConfigurations = (
				AA54D07523BA42EB00775CFC /* Debug */,
				AA54D07623BA42EB00775CFC /* Release */,
			);
			defaultConfigurationIsVisible = 0;
			defaultConfigurationName = Release;
		};
/* End XCConfigurationList section */
	};
	rootObject = AA54D03C23BA42EA00775CFC /* Project object */;
}
